<?xml version="1.0" encoding="utf-8"?>
<Project ToolsVersion="4.0" xmlns="http://schemas.microsoft.com/developer/msbuild/2003">
  <ItemGroup>
    <ClCompile Include="Game.cpp" />
    <ClCompile Include="Log.cpp" />
    <ClCompile Include="Main.cpp" />
    <ClCompile Include="Assets.cpp" />
    <ClCompile Include="Timer.cpp" />
    <ClCompile Include="Window.cpp" />
    <ClCompile Include="Actor.cpp">
      <Filter>Components</Filter>
    </ClCompile>
    <ClCompile Include="AnimSpriteComponent.cpp">
      <Filter>Components</Filter>
    </ClCompile>
    <ClCompile Include="BackgroundSpriteComponent.cpp">
      <Filter>Components</Filter>
    </ClCompile>
    <ClCompile Include="BallMoveComponent.cpp">
      <Filter>Components</Filter>
    </ClCompile>
    <ClCompile Include="BoxComponent.cpp">
      <Filter>Components</Filter>
    </ClCompile>
    <ClCompile Include="CameraComponent.cpp">
      <Filter>Components</Filter>
    </ClCompile>
    <ClCompile Include="CircleCollisionComponent.cpp">
      <Filter>Components</Filter>
    </ClCompile>
    <ClCompile Include="Component.cpp">
      <Filter>Components</Filter>
    </ClCompile>
    <ClCompile Include="FollowCameraComponent.cpp">
      <Filter>Components</Filter>
    </ClCompile>
    <ClCompile Include="FPSCameraComponent.cpp">
      <Filter>Components</Filter>
    </ClCompile>
    <ClCompile Include="InputComponent.cpp">
      <Filter>Components</Filter>
    </ClCompile>
    <ClCompile Include="MeshComponent.cpp">
      <Filter>Components</Filter>
    </ClCompile>
    <ClCompile Include="MoveComponent.cpp">
      <Filter>Components</Filter>
    </ClCompile>
    <ClCompile Include="OrbitCameraComponent.cpp">
      <Filter>Components</Filter>
    </ClCompile>
    <ClCompile Include="SplineCameraComponent.cpp">
      <Filter>Components</Filter>
    </ClCompile>
    <ClCompile Include="TargetComponent.cpp">
      <Filter>Components</Filter>
    </ClCompile>
    <ClCompile Include="Mesh.cpp">
      <Filter>Graphics</Filter>
    </ClCompile>
    <ClCompile Include="RendererOGL.cpp">
      <Filter>Graphics</Filter>
    </ClCompile>
    <ClCompile Include="Shader.cpp">
      <Filter>Graphics</Filter>
    </ClCompile>
    <ClCompile Include="Texture.cpp">
      <Filter>Graphics</Filter>
    </ClCompile>
    <ClCompile Include="VertexArray.cpp">
      <Filter>Graphics</Filter>
    </ClCompile>
    <ClCompile Include="Matrix4.cpp">
      <Filter>Maths</Filter>
    </ClCompile>
    <ClCompile Include="Quaternion.cpp">
      <Filter>Maths</Filter>
    </ClCompile>
    <ClCompile Include="Random.cpp">
      <Filter>Maths</Filter>
    </ClCompile>
    <ClCompile Include="Rectangle.cpp">
      <Filter>Maths</Filter>
    </ClCompile>
    <ClCompile Include="Spline.cpp">
      <Filter>Maths</Filter>
    </ClCompile>
    <ClCompile Include="Vector2.cpp">
      <Filter>Maths</Filter>
    </ClCompile>
    <ClCompile Include="Vector3.cpp">
      <Filter>Maths</Filter>
    </ClCompile>
    <ClCompile Include="TargetActor.cpp">
      <Filter>Prefabs</Filter>
    </ClCompile>
    <ClCompile Include="BallActor.cpp">
      <Filter>Prefabs</Filter>
    </ClCompile>
    <ClCompile Include="CubeActor.cpp">
      <Filter>Prefabs\Geometry</Filter>
    </ClCompile>
    <ClCompile Include="SphereActor.cpp">
      <Filter>Prefabs\Geometry</Filter>
    </ClCompile>
    <ClCompile Include="PlaneActor.cpp">
      <Filter>Prefabs\Geometry</Filter>
    </ClCompile>
    <ClCompile Include="FollowActor.cpp">
      <Filter>Prefabs\Views</Filter>
    </ClCompile>
    <ClCompile Include="FPSActor.cpp">
      <Filter>Prefabs\Views</Filter>
    </ClCompile>
    <ClCompile Include="OrbitActor.cpp">
      <Filter>Prefabs\Views</Filter>
    </ClCompile>
    <ClCompile Include="SplineActor.cpp">
      <Filter>Prefabs\Views</Filter>
    </ClCompile>
    <ClCompile Include="ControllerState.cpp">
      <Filter>Systems\Input</Filter>
    </ClCompile>
    <ClCompile Include="InputSystem.cpp">
      <Filter>Systems\Input</Filter>
    </ClCompile>
    <ClCompile Include="KeyboardState.cpp">
      <Filter>Systems\Input</Filter>
    </ClCompile>
    <ClCompile Include="MouseState.cpp">
      <Filter>Systems\Input</Filter>
    </ClCompile>
    <ClCompile Include="AABB.cpp">
      <Filter>Systems\Physics</Filter>
    </ClCompile>
    <ClCompile Include="Collisions.cpp">
      <Filter>Systems\Physics</Filter>
    </ClCompile>
    <ClCompile Include="LineSegment.cpp">
      <Filter>Systems\Physics</Filter>
    </ClCompile>
    <ClCompile Include="PhysicsSystem.cpp">
      <Filter>Systems\Physics</Filter>
    </ClCompile>
    <ClCompile Include="Plane.cpp">
      <Filter>Systems\Physics</Filter>
    </ClCompile>
    <ClCompile Include="Sphere.cpp">
      <Filter>Systems\Physics</Filter>
    </ClCompile>
    <ClCompile Include="Button.cpp">
      <Filter>UI</Filter>
    </ClCompile>
    <ClCompile Include="DialogBox.cpp">
      <Filter>UI</Filter>
    </ClCompile>
    <ClCompile Include="Font.cpp">
      <Filter>UI</Filter>
    </ClCompile>
    <ClCompile Include="HUD.cpp">
      <Filter>UI</Filter>
    </ClCompile>
    <ClCompile Include="PauseScreen.cpp">
      <Filter>UI</Filter>
    </ClCompile>
    <ClCompile Include="UIScreen.cpp">
      <Filter>UI</Filter>
    </ClCompile>
    <ClCompile Include="Cube.cpp">
      <Filter>Systems\Physics</Filter>
    </ClCompile>
    <ClCompile Include="StationaryCameraComponent.cpp">
      <Filter>Components</Filter>
    </ClCompile>
    <ClCompile Include="SpriteComponent.cpp">
      <Filter>Components</Filter>
    </ClCompile>
    <ClCompile Include="StationaryActor.cpp">
      <Filter>Prefabs\Views</Filter>
    </ClCompile>
  </ItemGroup>
  <ItemGroup>
    <ClInclude Include="Game.h" />
    <ClInclude Include="Log.h" />
    <ClInclude Include="Assets.h" />
    <ClInclude Include="Timer.h" />
    <ClInclude Include="Window.h" />
    <ClInclude Include="Actor.h">
      <Filter>Components</Filter>
    </ClInclude>
    <ClInclude Include="AnimSpriteComponent.h">
      <Filter>Components</Filter>
    </ClInclude>
    <ClInclude Include="BackgroundSpriteComponent.h">
      <Filter>Components</Filter>
    </ClInclude>
    <ClInclude Include="BallMoveComponent.h">
      <Filter>Components</Filter>
    </ClInclude>
    <ClInclude Include="BoxComponent.h">
      <Filter>Components</Filter>
    </ClInclude>
    <ClInclude Include="CameraComponent.h">
      <Filter>Components</Filter>
    </ClInclude>
    <ClInclude Include="CircleCollisionComponent.h">
      <Filter>Components</Filter>
    </ClInclude>
    <ClInclude Include="Component.h">
      <Filter>Components</Filter>
    </ClInclude>
    <ClInclude Include="FollowCameraComponent.h">
      <Filter>Components</Filter>
    </ClInclude>
    <ClInclude Include="FPSCameraComponent.h">
      <Filter>Components</Filter>
    </ClInclude>
    <ClInclude Include="InputComponent.h">
      <Filter>Components</Filter>
    </ClInclude>
    <ClInclude Include="MeshComponent.h">
      <Filter>Components</Filter>
    </ClInclude>
    <ClInclude Include="MoveComponent.h">
      <Filter>Components</Filter>
    </ClInclude>
    <ClInclude Include="OrbitCameraComponent.h">
      <Filter>Components</Filter>
    </ClInclude>
    <ClInclude Include="SplineCameraComponent.h">
      <Filter>Components</Filter>
    </ClInclude>
    <ClInclude Include="TargetComponent.h">
      <Filter>Components</Filter>
    </ClInclude>
    <ClInclude Include="DirectionalLight.h">
      <Filter>Graphics</Filter>
    </ClInclude>
    <ClInclude Include="IRenderer.h">
      <Filter>Graphics</Filter>
    </ClInclude>
    <ClInclude Include="Mesh.h">
      <Filter>Graphics</Filter>
    </ClInclude>
    <ClInclude Include="RendererOGL.h">
      <Filter>Graphics</Filter>
    </ClInclude>
    <ClInclude Include="Shader.h">
      <Filter>Graphics</Filter>
    </ClInclude>
    <ClInclude Include="Texture.h">
      <Filter>Graphics</Filter>
    </ClInclude>
    <ClInclude Include="VertexArray.h">
      <Filter>Graphics</Filter>
    </ClInclude>
    <ClInclude Include="Maths.h">
      <Filter>Maths</Filter>
    </ClInclude>
    <ClInclude Include="Matrix4.h">
      <Filter>Maths</Filter>
    </ClInclude>
    <ClInclude Include="Quaternion.h">
      <Filter>Maths</Filter>
    </ClInclude>
    <ClInclude Include="Random.h">
      <Filter>Maths</Filter>
    </ClInclude>
    <ClInclude Include="Rectangle.h">
      <Filter>Maths</Filter>
    </ClInclude>
    <ClInclude Include="Spline.h">
      <Filter>Maths</Filter>
    </ClInclude>
    <ClInclude Include="Vector2.h">
      <Filter>Maths</Filter>
    </ClInclude>
    <ClInclude Include="Vector3.h">
      <Filter>Maths</Filter>
    </ClInclude>
    <ClInclude Include="TargetActor.h">
      <Filter>Prefabs</Filter>
    </ClInclude>
    <ClInclude Include="BallActor.h">
      <Filter>Prefabs</Filter>
    </ClInclude>
    <ClInclude Include="CubeActor.h">
      <Filter>Prefabs\Geometry</Filter>
    </ClInclude>
    <ClInclude Include="SphereActor.h">
      <Filter>Prefabs\Geometry</Filter>
    </ClInclude>
    <ClInclude Include="PlaneActor.h">
      <Filter>Prefabs\Geometry</Filter>
    </ClInclude>
    <ClInclude Include="FollowActor.h">
      <Filter>Prefabs\Views</Filter>
    </ClInclude>
    <ClInclude Include="FPSActor.h">
      <Filter>Prefabs\Views</Filter>
    </ClInclude>
    <ClInclude Include="OrbitActor.h">
      <Filter>Prefabs\Views</Filter>
    </ClInclude>
    <ClInclude Include="SplineActor.h">
      <Filter>Prefabs\Views</Filter>
    </ClInclude>
    <ClInclude Include="ControllerState.h">
      <Filter>Systems\Input</Filter>
    </ClInclude>
    <ClInclude Include="InputSystem.h">
      <Filter>Systems\Input</Filter>
    </ClInclude>
    <ClInclude Include="KeyboardState.h">
      <Filter>Systems\Input</Filter>
    </ClInclude>
    <ClInclude Include="MouseState.h">
      <Filter>Systems\Input</Filter>
    </ClInclude>
    <ClInclude Include="AABB.h">
      <Filter>Systems\Physics</Filter>
    </ClInclude>
    <ClInclude Include="Collisions.h">
      <Filter>Systems\Physics</Filter>
    </ClInclude>
    <ClInclude Include="LineSegment.h">
      <Filter>Systems\Physics</Filter>
    </ClInclude>
    <ClInclude Include="PhysicsSystem.h">
      <Filter>Systems\Physics</Filter>
    </ClInclude>
    <ClInclude Include="Plane.h">
      <Filter>Systems\Physics</Filter>
    </ClInclude>
    <ClInclude Include="Sphere.h">
      <Filter>Systems\Physics</Filter>
    </ClInclude>
    <ClInclude Include="Button.h">
      <Filter>UI</Filter>
    </ClInclude>
    <ClInclude Include="Color.h">
      <Filter>UI</Filter>
    </ClInclude>
    <ClInclude Include="DialogBox.h">
      <Filter>UI</Filter>
    </ClInclude>
    <ClInclude Include="Font.h">
      <Filter>UI</Filter>
    </ClInclude>
    <ClInclude Include="HUD.h">
      <Filter>UI</Filter>
    </ClInclude>
    <ClInclude Include="PauseScreen.h">
      <Filter>UI</Filter>
    </ClInclude>
    <ClInclude Include="UIScreen.h">
      <Filter>UI</Filter>
    </ClInclude>
    <ClInclude Include="Cube.h">
      <Filter>Systems</Filter>
    </ClInclude>
    <ClInclude Include="StationaryCameraComponent.h">
      <Filter>Components</Filter>
    </ClInclude>
    <ClInclude Include="SpriteComponent.h">
      <Filter>Components</Filter>
    </ClInclude>
    <ClInclude Include="StationaryActor.h">
      <Filter>Prefabs\Views</Filter>
    </ClInclude>
  </ItemGroup>
  <ItemGroup>
    <None Include="Res\Localization\English.gptext">
      <Filter>Localization</Filter>
    </None>
    <None Include="Res\Localization\Russian.gptext">
      <Filter>Localization</Filter>
    </None>
    <None Include="Res\Meshes\Plane.gpmesh">
      <Filter>Meshes</Filter>
    </None>
    <None Include="Res\Meshes\RacingCar.gpmesh">
      <Filter>Meshes</Filter>
    </None>
    <None Include="Res\Meshes\Rifle.gpmesh">
      <Filter>Meshes</Filter>
    </None>
    <None Include="Res\Meshes\Sphere.gpmesh">
      <Filter>Meshes</Filter>
    </None>
    <None Include="Res\Meshes\Cube.gpmesh">
      <Filter>Meshes</Filter>
    </None>
    <None Include="Res\Meshes\Target.gpmesh">
      <Filter>Meshes</Filter>
    </None>
    <None Include="Res\Shaders\BasicMesh.frag">
      <Filter>Shaders</Filter>
    </None>
    <None Include="Res\Shaders\BasicMesh.vert">
      <Filter>Shaders</Filter>
    </None>
    <None Include="Res\Shaders\Phong.vert">
      <Filter>Shaders</Filter>
    </None>
    <None Include="Res\Shaders\Phong.frag">
      <Filter>Shaders</Filter>
    </None>
    <None Include="Res\Shaders\Sprite.vert">
      <Filter>Shaders</Filter>
    </None>
    <None Include="Res\Shaders\Sprite.frag">
      <Filter>Shaders</Filter>
    </None>
    <None Include="Res\Maps\map.json">
      <Filter>Maps</Filter>
    </None>
  </ItemGroup>
  <ItemGroup>
    <Filter Include="Components">
      <UniqueIdentifier>{5f60c768-d0d7-4014-98a2-0ccffbfc57e4}</UniqueIdentifier>
    </Filter>
    <Filter Include="GameSpecific">
      <UniqueIdentifier>{9b1d8d48-8bbd-4d76-936e-7958e2be3862}</UniqueIdentifier>
    </Filter>
    <Filter Include="Graphics">
      <UniqueIdentifier>{2f58e0fe-56ea-4379-b3a7-b173bac23421}</UniqueIdentifier>
    </Filter>
    <Filter Include="Localization">
      <UniqueIdentifier>{2d26e283-97f4-4461-9e98-98415571a134}</UniqueIdentifier>
    </Filter>
    <Filter Include="Maths">
      <UniqueIdentifier>{332c072c-1429-41cb-8c31-164f6b4ee077}</UniqueIdentifier>
    </Filter>
    <Filter Include="Meshes">
      <UniqueIdentifier>{205037e5-9837-41e8-8bc5-3da3599bed70}</UniqueIdentifier>
    </Filter>
    <Filter Include="Prefabs">
      <UniqueIdentifier>{e194c962-5b24-484f-982e-ea7b04b4a5ef}</UniqueIdentifier>
    </Filter>
    <Filter Include="Prefabs\Geometry">
      <UniqueIdentifier>{ec5a9f8d-b46f-4c47-980f-0e5dcc40f658}</UniqueIdentifier>
    </Filter>
    <Filter Include="Prefabs\Views">
      <UniqueIdentifier>{6db2c170-ec79-4c13-8179-e8cab706e1bb}</UniqueIdentifier>
    </Filter>
    <Filter Include="Shaders">
      <UniqueIdentifier>{6282fbb1-c868-41c7-b821-18794c1b5d1a}</UniqueIdentifier>
    </Filter>
    <Filter Include="Systems">
      <UniqueIdentifier>{9575e788-2bc0-4378-9bb6-6ca1f8f070b1}</UniqueIdentifier>
    </Filter>
    <Filter Include="Systems\Physics">
      <UniqueIdentifier>{39f85061-b5b1-404f-9746-69db99a055d7}</UniqueIdentifier>
    </Filter>
    <Filter Include="Systems\Input">
      <UniqueIdentifier>{b1bcd76c-49ce-402b-9182-31443fe47465}</UniqueIdentifier>
    </Filter>
    <Filter Include="UI">
      <UniqueIdentifier>{439b6b67-415d-48a9-a248-531cf0e34242}</UniqueIdentifier>
    </Filter>
    <Filter Include="Maps">
      <UniqueIdentifier>{186384ac-08db-42d7-b504-435fd1fedae8}</UniqueIdentifier>
    </Filter>
  </ItemGroup>
</Project>